
Microsoft Visual Studio Solution File, Format Version 12.00
# Visual Studio Version 17
VisualStudioVersion = 17.7.34031.279
MinimumVisualStudioVersion = 10.0.40219.1
Project("{8BC9CEB8-8B4A-11D0-8D11-00A0C91BC942}") = "Sandbox", "Sandbox\Sandbox.vcxproj", "{B549A6B0-F1B5-4945-BA00-785F9560D6D0}"
EndProject
Project("{8BC9CEB8-8B4A-11D0-8D11-00A0C91BC942}") = "game-engine", "game-engine\game-engine.vcxproj", "{5270DB64-851C-49FC-8329-CD1FD3AB1FF6}"
EndProject
Global
	GlobalSection(SolutionConfigurationPlatforms) = preSolution
		Debug|x64 = Debug|x64
		Release|x64 = Release|x64
	EndGlobalSection
	GlobalSection(ProjectConfigurationPlatforms) = postSolution
		{5270DB64-851C-49FC-8329-CD1FD3AB1FF6}.Debug|x64.ActiveCfg = Debug|x64
		{5270DB64-851C-49FC-8329-CD1FD3AB1FF6}.Debug|x64.Build.0 = Debug|x64
		{5270DB64-851C-49FC-8329-CD1FD3AB1FF6}.Release|x64.ActiveCfg = Release|x64
		{5270DB64-851C-49FC-8329-CD1FD3AB1FF6}.Release|x64.Build.0 = Release|x64
		{B549A6B0-F1B5-4945-BA00-785F9560D6D0}.Debug|x64.ActiveCfg = Debug|x64
		{B549A6B0-F1B5-4945-BA00-785F9560D6D0}.Debug|x64.Build.0 = Debug|x64
		{B549A6B0-F1B5-4945-BA00-785F9560D6D0}.Release|x64.ActiveCfg = Release|x64
		{B549A6B0-F1B5-4945-BA00-785F9560D6D0}.Release|x64.Build.0 = Release|x64
	EndGlobalSection
	GlobalSection(SolutionProperties) = preSolution
		HideSolutionNode = FALSE
	EndGlobalSection
	GlobalSection(ExtensibilityGlobals) = postSolution
		SolutionGuid = {78CD1741-E449-487F-A5C9-4667BA47D514}
	EndGlobalSection
EndGlobal
